
Microsoft Visual Studio Solution File, Format Version 12.00
# Visual Studio Version 16
VisualStudioVersion = 16.0.30503.244
MinimumVisualStudioVersion = 10.0.40219.1
Project("{FAE04EC0-301F-11D3-BF4B-00C04F79EFBC}") = "Missing Number", "Missing Number\Missing Number.csproj", "{4C7ED8EA-5EAF-401A-83D8-155FFB96ED8A}"
EndProject
Global
	GlobalSection(SolutionConfigurationPlatforms) = preSolution
		Debug|Any CPU = Debug|Any CPU
		Release|Any CPU = Release|Any CPU
	EndGlobalSection
	GlobalSection(ProjectConfigurationPlatforms) = postSolution
		{4C7ED8EA-5EAF-401A-83D8-155FFB96ED8A}.Debug|Any CPU.ActiveCfg = Debug|Any CPU
		{4C7ED8EA-5EAF-401A-83D8-155FFB96ED8A}.Debug|Any CPU.Build.0 = Debug|Any CPU
		{4C7ED8EA-5EAF-401A-83D8-155FFB96ED8A}.Release|Any CPU.ActiveCfg = Release|Any CPU
		{4C7ED8EA-5EAF-401A-83D8-155FFB96ED8A}.Release|Any CPU.Build.0 = Release|Any CPU
	EndGlobalSection
	GlobalSection(SolutionProperties) = preSolution
		HideSolutionNode = FALSE
	EndGlobalSection
	GlobalSection(ExtensibilityGlobals) = postSolution
		SolutionGuid = {424370C5-ADC2-41EE-A501-75CFF2D449A5}
	EndGlobalSection
EndGlobal
